
Microsoft Visual Studio Solution File, Format Version 12.00
# Visual Studio Version 16
VisualStudioVersion = 16.0.31702.278
MinimumVisualStudioVersion = 10.0.40219.1
Project("{FAE04EC0-301F-11D3-BF4B-00C04F79EFBC}") = "BuclesFor_28", "BuclesFor_28\BuclesFor_28.csproj", "{4D69C597-2150-410C-8CCD-0691E9FA3F9B}"
EndProject
Global
	GlobalSection(SolutionConfigurationPlatforms) = preSolution
		Debug|Any CPU = Debug|Any CPU
		Release|Any CPU = Release|Any CPU
	EndGlobalSection
	GlobalSection(ProjectConfigurationPlatforms) = postSolution
		{4D69C597-2150-410C-8CCD-0691E9FA3F9B}.Debug|Any CPU.ActiveCfg = Debug|Any CPU
		{4D69C597-2150-410C-8CCD-0691E9FA3F9B}.Debug|Any CPU.Build.0 = Debug|Any CPU
		{4D69C597-2150-410C-8CCD-0691E9FA3F9B}.Release|Any CPU.ActiveCfg = Release|Any CPU
		{4D69C597-2150-410C-8CCD-0691E9FA3F9B}.Release|Any CPU.Build.0 = Release|Any CPU
	EndGlobalSection
	GlobalSection(SolutionProperties) = preSolution
		HideSolutionNode = FALSE
	EndGlobalSection
	GlobalSection(ExtensibilityGlobals) = postSolution
		SolutionGuid = {D1C0C17C-946B-43DD-B5EE-4193E3B17988}
	EndGlobalSection
EndGlobal
