
Microsoft Visual Studio Solution File, Format Version 12.00
# Visual Studio Version 16
VisualStudioVersion = 16.0.31702.278
MinimumVisualStudioVersion = 10.0.40219.1
Project("{FAE04EC0-301F-11D3-BF4B-00C04F79EFBC}") = "Arrays_Ejercicio1", "Arrays_Ejercicio1\Arrays_Ejercicio1.csproj", "{DD4F4A28-C281-488F-A09F-AA3CE450D691}"
EndProject
Global
	GlobalSection(SolutionConfigurationPlatforms) = preSolution
		Debug|Any CPU = Debug|Any CPU
		Release|Any CPU = Release|Any CPU
	EndGlobalSection
	GlobalSection(ProjectConfigurationPlatforms) = postSolution
		{DD4F4A28-C281-488F-A09F-AA3CE450D691}.Debug|Any CPU.ActiveCfg = Debug|Any CPU
		{DD4F4A28-C281-488F-A09F-AA3CE450D691}.Debug|Any CPU.Build.0 = Debug|Any CPU
		{DD4F4A28-C281-488F-A09F-AA3CE450D691}.Release|Any CPU.ActiveCfg = Release|Any CPU
		{DD4F4A28-C281-488F-A09F-AA3CE450D691}.Release|Any CPU.Build.0 = Release|Any CPU
	EndGlobalSection
	GlobalSection(SolutionProperties) = preSolution
		HideSolutionNode = FALSE
	EndGlobalSection
	GlobalSection(ExtensibilityGlobals) = postSolution
		SolutionGuid = {A1E2F895-8E6C-40EA-97DD-C22FE96611F8}
	EndGlobalSection
EndGlobal
