
Microsoft Visual Studio Solution File, Format Version 12.00
# Visual Studio Version 16
VisualStudioVersion = 16.0.31702.278
MinimumVisualStudioVersion = 10.0.40219.1
Project("{FAE04EC0-301F-11D3-BF4B-00C04F79EFBC}") = "Ejercicio_Clases(2) Grupo-Alumno", "Ejercicio_Clases(2) Grupo-Alumno\Ejercicio_Clases(2) Grupo-Alumno.csproj", "{8C290080-1876-4CC1-827B-9E2F4FC722A7}"
EndProject
Global
	GlobalSection(SolutionConfigurationPlatforms) = preSolution
		Debug|Any CPU = Debug|Any CPU
		Release|Any CPU = Release|Any CPU
	EndGlobalSection
	GlobalSection(ProjectConfigurationPlatforms) = postSolution
		{8C290080-1876-4CC1-827B-9E2F4FC722A7}.Debug|Any CPU.ActiveCfg = Debug|Any CPU
		{8C290080-1876-4CC1-827B-9E2F4FC722A7}.Debug|Any CPU.Build.0 = Debug|Any CPU
		{8C290080-1876-4CC1-827B-9E2F4FC722A7}.Release|Any CPU.ActiveCfg = Release|Any CPU
		{8C290080-1876-4CC1-827B-9E2F4FC722A7}.Release|Any CPU.Build.0 = Release|Any CPU
	EndGlobalSection
	GlobalSection(SolutionProperties) = preSolution
		HideSolutionNode = FALSE
	EndGlobalSection
	GlobalSection(ExtensibilityGlobals) = postSolution
		SolutionGuid = {5A069A4F-0206-424F-BE9F-66DFA42C1BE4}
	EndGlobalSection
EndGlobal
