
Microsoft Visual Studio Solution File, Format Version 12.00
# Visual Studio Version 16
VisualStudioVersion = 16.0.31702.278
MinimumVisualStudioVersion = 10.0.40219.1
Project("{FAE04EC0-301F-11D3-BF4B-00C04F79EFBC}") = "BuclesMas_41", "BuclesMas_41\BuclesMas_41.csproj", "{27D56AD5-0CD1-4805-8618-7B953B133595}"
EndProject
Global
	GlobalSection(SolutionConfigurationPlatforms) = preSolution
		Debug|Any CPU = Debug|Any CPU
		Release|Any CPU = Release|Any CPU
	EndGlobalSection
	GlobalSection(ProjectConfigurationPlatforms) = postSolution
		{27D56AD5-0CD1-4805-8618-7B953B133595}.Debug|Any CPU.ActiveCfg = Debug|Any CPU
		{27D56AD5-0CD1-4805-8618-7B953B133595}.Debug|Any CPU.Build.0 = Debug|Any CPU
		{27D56AD5-0CD1-4805-8618-7B953B133595}.Release|Any CPU.ActiveCfg = Release|Any CPU
		{27D56AD5-0CD1-4805-8618-7B953B133595}.Release|Any CPU.Build.0 = Release|Any CPU
	EndGlobalSection
	GlobalSection(SolutionProperties) = preSolution
		HideSolutionNode = FALSE
	EndGlobalSection
	GlobalSection(ExtensibilityGlobals) = postSolution
		SolutionGuid = {2A33C2E4-509E-40DD-8942-640DCB0B170D}
	EndGlobalSection
EndGlobal
