
Microsoft Visual Studio Solution File, Format Version 12.00
# Visual Studio Version 16
VisualStudioVersion = 16.0.31702.278
MinimumVisualStudioVersion = 10.0.40219.1
Project("{FAE04EC0-301F-11D3-BF4B-00C04F79EFBC}") = "Ejercicios_Ficheros_Texto", "Ejercicios_Ficheros_Texto\Ejercicios_Ficheros_Texto.csproj", "{0BE98287-6925-44B3-8524-24D97D4FE73B}"
EndProject
Global
	GlobalSection(SolutionConfigurationPlatforms) = preSolution
		Debug|Any CPU = Debug|Any CPU
		Release|Any CPU = Release|Any CPU
	EndGlobalSection
	GlobalSection(ProjectConfigurationPlatforms) = postSolution
		{0BE98287-6925-44B3-8524-24D97D4FE73B}.Debug|Any CPU.ActiveCfg = Debug|Any CPU
		{0BE98287-6925-44B3-8524-24D97D4FE73B}.Debug|Any CPU.Build.0 = Debug|Any CPU
		{0BE98287-6925-44B3-8524-24D97D4FE73B}.Release|Any CPU.ActiveCfg = Release|Any CPU
		{0BE98287-6925-44B3-8524-24D97D4FE73B}.Release|Any CPU.Build.0 = Release|Any CPU
	EndGlobalSection
	GlobalSection(SolutionProperties) = preSolution
		HideSolutionNode = FALSE
	EndGlobalSection
	GlobalSection(ExtensibilityGlobals) = postSolution
		SolutionGuid = {793CF0BC-D637-42D1-ABEE-75EA3268B94F}
	EndGlobalSection
EndGlobal
