
Microsoft Visual Studio Solution File, Format Version 12.00
# Visual Studio Version 17
VisualStudioVersion = 17.1.32210.238
MinimumVisualStudioVersion = 10.0.40219.1
Project("{FAE04EC0-301F-11D3-BF4B-00C04F79EFBC}") = "Ejercicio_Adicional_Video_Poker", "Ejercicio_Adicional_Video_Poker\Ejercicio_Adicional_Video_Poker.csproj", "{9AE8A1AD-8F9F-4120-9329-73421A27A9E4}"
EndProject
Global
	GlobalSection(SolutionConfigurationPlatforms) = preSolution
		Debug|Any CPU = Debug|Any CPU
		Release|Any CPU = Release|Any CPU
	EndGlobalSection
	GlobalSection(ProjectConfigurationPlatforms) = postSolution
		{9AE8A1AD-8F9F-4120-9329-73421A27A9E4}.Debug|Any CPU.ActiveCfg = Debug|Any CPU
		{9AE8A1AD-8F9F-4120-9329-73421A27A9E4}.Debug|Any CPU.Build.0 = Debug|Any CPU
		{9AE8A1AD-8F9F-4120-9329-73421A27A9E4}.Release|Any CPU.ActiveCfg = Release|Any CPU
		{9AE8A1AD-8F9F-4120-9329-73421A27A9E4}.Release|Any CPU.Build.0 = Release|Any CPU
	EndGlobalSection
	GlobalSection(SolutionProperties) = preSolution
		HideSolutionNode = FALSE
	EndGlobalSection
	GlobalSection(ExtensibilityGlobals) = postSolution
		SolutionGuid = {8662F0D6-5126-4370-99A5-B3FDD563AC60}
	EndGlobalSection
EndGlobal
