
Microsoft Visual Studio Solution File, Format Version 12.00
# Visual Studio Version 16
VisualStudioVersion = 16.0.31702.278
MinimumVisualStudioVersion = 10.0.40219.1
Project("{FAE04EC0-301F-11D3-BF4B-00C04F79EFBC}") = "Adicionales_Ejercicio19", "Adicionales_Ejercicio19\Adicionales_Ejercicio19.csproj", "{5E41F208-A306-4AD8-BE43-C6AE4824B11A}"
EndProject
Global
	GlobalSection(SolutionConfigurationPlatforms) = preSolution
		Debug|Any CPU = Debug|Any CPU
		Release|Any CPU = Release|Any CPU
	EndGlobalSection
	GlobalSection(ProjectConfigurationPlatforms) = postSolution
		{5E41F208-A306-4AD8-BE43-C6AE4824B11A}.Debug|Any CPU.ActiveCfg = Debug|Any CPU
		{5E41F208-A306-4AD8-BE43-C6AE4824B11A}.Debug|Any CPU.Build.0 = Debug|Any CPU
		{5E41F208-A306-4AD8-BE43-C6AE4824B11A}.Release|Any CPU.ActiveCfg = Release|Any CPU
		{5E41F208-A306-4AD8-BE43-C6AE4824B11A}.Release|Any CPU.Build.0 = Release|Any CPU
	EndGlobalSection
	GlobalSection(SolutionProperties) = preSolution
		HideSolutionNode = FALSE
	EndGlobalSection
	GlobalSection(ExtensibilityGlobals) = postSolution
		SolutionGuid = {B60C9B98-DAAB-4DC4-A8F5-FC3CD1FACC8C}
	EndGlobalSection
EndGlobal
