
Microsoft Visual Studio Solution File, Format Version 12.00
# Visual Studio Version 16
VisualStudioVersion = 16.0.31727.386
MinimumVisualStudioVersion = 10.0.40219.1
Project("{FAE04EC0-301F-11D3-BF4B-00C04F79EFBC}") = "Estructurada_02", "Estructurada_02\Estructurada_02.csproj", "{B430FDBA-0151-4629-BAD9-D22334FCB1CF}"
EndProject
Global
	GlobalSection(SolutionConfigurationPlatforms) = preSolution
		Debug|Any CPU = Debug|Any CPU
		Release|Any CPU = Release|Any CPU
	EndGlobalSection
	GlobalSection(ProjectConfigurationPlatforms) = postSolution
		{B430FDBA-0151-4629-BAD9-D22334FCB1CF}.Debug|Any CPU.ActiveCfg = Debug|Any CPU
		{B430FDBA-0151-4629-BAD9-D22334FCB1CF}.Debug|Any CPU.Build.0 = Debug|Any CPU
		{B430FDBA-0151-4629-BAD9-D22334FCB1CF}.Release|Any CPU.ActiveCfg = Release|Any CPU
		{B430FDBA-0151-4629-BAD9-D22334FCB1CF}.Release|Any CPU.Build.0 = Release|Any CPU
	EndGlobalSection
	GlobalSection(SolutionProperties) = preSolution
		HideSolutionNode = FALSE
	EndGlobalSection
	GlobalSection(ExtensibilityGlobals) = postSolution
		SolutionGuid = {7AE60DD1-EE55-419E-A832-DA211F0424BE}
	EndGlobalSection
EndGlobal
