
Microsoft Visual Studio Solution File, Format Version 12.00
# Visual Studio Version 16
VisualStudioVersion = 16.0.31702.278
MinimumVisualStudioVersion = 10.0.40219.1
Project("{FAE04EC0-301F-11D3-BF4B-00C04F79EFBC}") = "Examen_Programacion_Ej3", "Examen_Programacion_Ej3\Examen_Programacion_Ej3.csproj", "{932BE66A-C57E-444D-A9F3-209443FB51B9}"
EndProject
Global
	GlobalSection(SolutionConfigurationPlatforms) = preSolution
		Debug|Any CPU = Debug|Any CPU
		Release|Any CPU = Release|Any CPU
	EndGlobalSection
	GlobalSection(ProjectConfigurationPlatforms) = postSolution
		{932BE66A-C57E-444D-A9F3-209443FB51B9}.Debug|Any CPU.ActiveCfg = Debug|Any CPU
		{932BE66A-C57E-444D-A9F3-209443FB51B9}.Debug|Any CPU.Build.0 = Debug|Any CPU
		{932BE66A-C57E-444D-A9F3-209443FB51B9}.Release|Any CPU.ActiveCfg = Release|Any CPU
		{932BE66A-C57E-444D-A9F3-209443FB51B9}.Release|Any CPU.Build.0 = Release|Any CPU
	EndGlobalSection
	GlobalSection(SolutionProperties) = preSolution
		HideSolutionNode = FALSE
	EndGlobalSection
	GlobalSection(ExtensibilityGlobals) = postSolution
		SolutionGuid = {0144FC7E-1E41-4FB1-B248-9A954E25599B}
	EndGlobalSection
EndGlobal
