
Microsoft Visual Studio Solution File, Format Version 12.00
# Visual Studio Version 17
VisualStudioVersion = 17.1.32328.378
MinimumVisualStudioVersion = 10.0.40219.1
Project("{FAE04EC0-301F-11D3-BF4B-00C04F79EFBC}") = "Visual_Ejericicio3", "Visual_Ejericicio3\Visual_Ejericicio3.csproj", "{595A3D6C-3285-4D6F-9774-DA1B35B92BC6}"
EndProject
Global
	GlobalSection(SolutionConfigurationPlatforms) = preSolution
		Debug|Any CPU = Debug|Any CPU
		Release|Any CPU = Release|Any CPU
	EndGlobalSection
	GlobalSection(ProjectConfigurationPlatforms) = postSolution
		{595A3D6C-3285-4D6F-9774-DA1B35B92BC6}.Debug|Any CPU.ActiveCfg = Debug|Any CPU
		{595A3D6C-3285-4D6F-9774-DA1B35B92BC6}.Debug|Any CPU.Build.0 = Debug|Any CPU
		{595A3D6C-3285-4D6F-9774-DA1B35B92BC6}.Release|Any CPU.ActiveCfg = Release|Any CPU
		{595A3D6C-3285-4D6F-9774-DA1B35B92BC6}.Release|Any CPU.Build.0 = Release|Any CPU
	EndGlobalSection
	GlobalSection(SolutionProperties) = preSolution
		HideSolutionNode = FALSE
	EndGlobalSection
	GlobalSection(ExtensibilityGlobals) = postSolution
		SolutionGuid = {DF3B72F4-C87B-4B63-BEDA-2048FE7EA588}
	EndGlobalSection
EndGlobal
