
Microsoft Visual Studio Solution File, Format Version 12.00
# Visual Studio Version 16
VisualStudioVersion = 16.0.31702.278
MinimumVisualStudioVersion = 10.0.40219.1
Project("{FAE04EC0-301F-11D3-BF4B-00C04F79EFBC}") = "Adicionales_Ejercicio14", "Adicionales_Ejercicio14\Adicionales_Ejercicio14.csproj", "{85457427-D5D6-4BF2-B54A-F8CF765F6DE0}"
EndProject
Global
	GlobalSection(SolutionConfigurationPlatforms) = preSolution
		Debug|Any CPU = Debug|Any CPU
		Release|Any CPU = Release|Any CPU
	EndGlobalSection
	GlobalSection(ProjectConfigurationPlatforms) = postSolution
		{85457427-D5D6-4BF2-B54A-F8CF765F6DE0}.Debug|Any CPU.ActiveCfg = Debug|Any CPU
		{85457427-D5D6-4BF2-B54A-F8CF765F6DE0}.Debug|Any CPU.Build.0 = Debug|Any CPU
		{85457427-D5D6-4BF2-B54A-F8CF765F6DE0}.Release|Any CPU.ActiveCfg = Release|Any CPU
		{85457427-D5D6-4BF2-B54A-F8CF765F6DE0}.Release|Any CPU.Build.0 = Release|Any CPU
	EndGlobalSection
	GlobalSection(SolutionProperties) = preSolution
		HideSolutionNode = FALSE
	EndGlobalSection
	GlobalSection(ExtensibilityGlobals) = postSolution
		SolutionGuid = {31ACF539-0215-4FB9-A45A-35241EEABE04}
	EndGlobalSection
EndGlobal
