
Microsoft Visual Studio Solution File, Format Version 12.00
# Visual Studio Version 16
VisualStudioVersion = 16.0.31702.278
MinimumVisualStudioVersion = 10.0.40219.1
Project("{FAE04EC0-301F-11D3-BF4B-00C04F79EFBC}") = "Relacion1_Funcion10", "Relacion1_Funcion10\Relacion1_Funcion10.csproj", "{4800FD66-EE85-475F-B774-42977006D7EC}"
EndProject
Global
	GlobalSection(SolutionConfigurationPlatforms) = preSolution
		Debug|Any CPU = Debug|Any CPU
		Release|Any CPU = Release|Any CPU
	EndGlobalSection
	GlobalSection(ProjectConfigurationPlatforms) = postSolution
		{4800FD66-EE85-475F-B774-42977006D7EC}.Debug|Any CPU.ActiveCfg = Debug|Any CPU
		{4800FD66-EE85-475F-B774-42977006D7EC}.Debug|Any CPU.Build.0 = Debug|Any CPU
		{4800FD66-EE85-475F-B774-42977006D7EC}.Release|Any CPU.ActiveCfg = Release|Any CPU
		{4800FD66-EE85-475F-B774-42977006D7EC}.Release|Any CPU.Build.0 = Release|Any CPU
	EndGlobalSection
	GlobalSection(SolutionProperties) = preSolution
		HideSolutionNode = FALSE
	EndGlobalSection
	GlobalSection(ExtensibilityGlobals) = postSolution
		SolutionGuid = {D16F2E66-A375-4B7C-BA9F-D18E7EE5EF91}
	EndGlobalSection
EndGlobal
