
Microsoft Visual Studio Solution File, Format Version 12.00
# Visual Studio Version 16
VisualStudioVersion = 16.0.31702.278
MinimumVisualStudioVersion = 10.0.40219.1
Project("{FAE04EC0-301F-11D3-BF4B-00C04F79EFBC}") = "BuclesFor_26", "BuclesFor_26\BuclesFor_26.csproj", "{080B93DB-5006-4862-919F-88ADCEC9B66A}"
EndProject
Global
	GlobalSection(SolutionConfigurationPlatforms) = preSolution
		Debug|Any CPU = Debug|Any CPU
		Release|Any CPU = Release|Any CPU
	EndGlobalSection
	GlobalSection(ProjectConfigurationPlatforms) = postSolution
		{080B93DB-5006-4862-919F-88ADCEC9B66A}.Debug|Any CPU.ActiveCfg = Debug|Any CPU
		{080B93DB-5006-4862-919F-88ADCEC9B66A}.Debug|Any CPU.Build.0 = Debug|Any CPU
		{080B93DB-5006-4862-919F-88ADCEC9B66A}.Release|Any CPU.ActiveCfg = Release|Any CPU
		{080B93DB-5006-4862-919F-88ADCEC9B66A}.Release|Any CPU.Build.0 = Release|Any CPU
	EndGlobalSection
	GlobalSection(SolutionProperties) = preSolution
		HideSolutionNode = FALSE
	EndGlobalSection
	GlobalSection(ExtensibilityGlobals) = postSolution
		SolutionGuid = {923F7777-105C-4BC0-8015-A349C87BB1F9}
	EndGlobalSection
EndGlobal
