
Microsoft Visual Studio Solution File, Format Version 12.00
# Visual Studio Version 16
VisualStudioVersion = 16.0.31702.278
MinimumVisualStudioVersion = 10.0.40219.1
Project("{FAE04EC0-301F-11D3-BF4B-00C04F79EFBC}") = "BuclesWhiles_18", "BuclesWhiles_18\BuclesWhiles_18.csproj", "{2F9AAD0D-D3A4-4FB8-8980-E924E350EBEB}"
EndProject
Global
	GlobalSection(SolutionConfigurationPlatforms) = preSolution
		Debug|Any CPU = Debug|Any CPU
		Release|Any CPU = Release|Any CPU
	EndGlobalSection
	GlobalSection(ProjectConfigurationPlatforms) = postSolution
		{2F9AAD0D-D3A4-4FB8-8980-E924E350EBEB}.Debug|Any CPU.ActiveCfg = Debug|Any CPU
		{2F9AAD0D-D3A4-4FB8-8980-E924E350EBEB}.Debug|Any CPU.Build.0 = Debug|Any CPU
		{2F9AAD0D-D3A4-4FB8-8980-E924E350EBEB}.Release|Any CPU.ActiveCfg = Release|Any CPU
		{2F9AAD0D-D3A4-4FB8-8980-E924E350EBEB}.Release|Any CPU.Build.0 = Release|Any CPU
	EndGlobalSection
	GlobalSection(SolutionProperties) = preSolution
		HideSolutionNode = FALSE
	EndGlobalSection
	GlobalSection(ExtensibilityGlobals) = postSolution
		SolutionGuid = {88654987-7EE0-4ADC-B022-939D3D200B92}
	EndGlobalSection
EndGlobal
