
Microsoft Visual Studio Solution File, Format Version 12.00
# Visual Studio Version 16
VisualStudioVersion = 16.0.31702.278
MinimumVisualStudioVersion = 10.0.40219.1
Project("{FAE04EC0-301F-11D3-BF4B-00C04F79EFBC}") = "Relacion1_Funcion5", "Relacion1_Funcion5\Relacion1_Funcion5.csproj", "{978BFC4D-BA89-4AEB-8C5A-4D75B0E45F18}"
EndProject
Global
	GlobalSection(SolutionConfigurationPlatforms) = preSolution
		Debug|Any CPU = Debug|Any CPU
		Release|Any CPU = Release|Any CPU
	EndGlobalSection
	GlobalSection(ProjectConfigurationPlatforms) = postSolution
		{978BFC4D-BA89-4AEB-8C5A-4D75B0E45F18}.Debug|Any CPU.ActiveCfg = Debug|Any CPU
		{978BFC4D-BA89-4AEB-8C5A-4D75B0E45F18}.Debug|Any CPU.Build.0 = Debug|Any CPU
		{978BFC4D-BA89-4AEB-8C5A-4D75B0E45F18}.Release|Any CPU.ActiveCfg = Release|Any CPU
		{978BFC4D-BA89-4AEB-8C5A-4D75B0E45F18}.Release|Any CPU.Build.0 = Release|Any CPU
	EndGlobalSection
	GlobalSection(SolutionProperties) = preSolution
		HideSolutionNode = FALSE
	EndGlobalSection
	GlobalSection(ExtensibilityGlobals) = postSolution
		SolutionGuid = {1C4F5913-7B79-4FD1-A2EA-75BD46796C71}
	EndGlobalSection
EndGlobal
