
Microsoft Visual Studio Solution File, Format Version 12.00
# Visual Studio Version 16
VisualStudioVersion = 16.0.31702.278
MinimumVisualStudioVersion = 10.0.40219.1
Project("{FAE04EC0-301F-11D3-BF4B-00C04F79EFBC}") = "Relacion1_Ejercicio6", "Relacion1_Ejercicio6\Relacion1_Ejercicio6.csproj", "{7E5023F4-27C7-4BE1-9F55-D4FAC2081BC2}"
EndProject
Global
	GlobalSection(SolutionConfigurationPlatforms) = preSolution
		Debug|Any CPU = Debug|Any CPU
		Release|Any CPU = Release|Any CPU
	EndGlobalSection
	GlobalSection(ProjectConfigurationPlatforms) = postSolution
		{7E5023F4-27C7-4BE1-9F55-D4FAC2081BC2}.Debug|Any CPU.ActiveCfg = Debug|Any CPU
		{7E5023F4-27C7-4BE1-9F55-D4FAC2081BC2}.Debug|Any CPU.Build.0 = Debug|Any CPU
		{7E5023F4-27C7-4BE1-9F55-D4FAC2081BC2}.Release|Any CPU.ActiveCfg = Release|Any CPU
		{7E5023F4-27C7-4BE1-9F55-D4FAC2081BC2}.Release|Any CPU.Build.0 = Release|Any CPU
	EndGlobalSection
	GlobalSection(SolutionProperties) = preSolution
		HideSolutionNode = FALSE
	EndGlobalSection
	GlobalSection(ExtensibilityGlobals) = postSolution
		SolutionGuid = {96CD2436-1037-4CFF-91BA-91ACF22988FE}
	EndGlobalSection
EndGlobal
