
Microsoft Visual Studio Solution File, Format Version 12.00
# Visual Studio Version 16
VisualStudioVersion = 16.0.31702.278
MinimumVisualStudioVersion = 10.0.40219.1
Project("{FAE04EC0-301F-11D3-BF4B-00C04F79EFBC}") = "Adicionales_Ejercicio15", "Adicionales_Ejercicio15\Adicionales_Ejercicio15.csproj", "{EF86BE14-FE56-4196-A31D-1A6F6CD690BA}"
EndProject
Global
	GlobalSection(SolutionConfigurationPlatforms) = preSolution
		Debug|Any CPU = Debug|Any CPU
		Release|Any CPU = Release|Any CPU
	EndGlobalSection
	GlobalSection(ProjectConfigurationPlatforms) = postSolution
		{EF86BE14-FE56-4196-A31D-1A6F6CD690BA}.Debug|Any CPU.ActiveCfg = Debug|Any CPU
		{EF86BE14-FE56-4196-A31D-1A6F6CD690BA}.Debug|Any CPU.Build.0 = Debug|Any CPU
		{EF86BE14-FE56-4196-A31D-1A6F6CD690BA}.Release|Any CPU.ActiveCfg = Release|Any CPU
		{EF86BE14-FE56-4196-A31D-1A6F6CD690BA}.Release|Any CPU.Build.0 = Release|Any CPU
	EndGlobalSection
	GlobalSection(SolutionProperties) = preSolution
		HideSolutionNode = FALSE
	EndGlobalSection
	GlobalSection(ExtensibilityGlobals) = postSolution
		SolutionGuid = {8DE77B36-E594-4697-81A9-1E5C185B9443}
	EndGlobalSection
EndGlobal
