
Microsoft Visual Studio Solution File, Format Version 12.00
# Visual Studio Version 16
VisualStudioVersion = 16.0.31702.278
MinimumVisualStudioVersion = 10.0.40219.1
Project("{FAE04EC0-301F-11D3-BF4B-00C04F79EFBC}") = "Ejercicios_Objetos(3)-Videojuegos", "Ejercicios_Objetos(3)-Videojuegos\Ejercicios_Objetos(3)-Videojuegos.csproj", "{8AB644E7-5FF0-4AFD-A79B-F878AFD9B03E}"
EndProject
Global
	GlobalSection(SolutionConfigurationPlatforms) = preSolution
		Debug|Any CPU = Debug|Any CPU
		Release|Any CPU = Release|Any CPU
	EndGlobalSection
	GlobalSection(ProjectConfigurationPlatforms) = postSolution
		{8AB644E7-5FF0-4AFD-A79B-F878AFD9B03E}.Debug|Any CPU.ActiveCfg = Debug|Any CPU
		{8AB644E7-5FF0-4AFD-A79B-F878AFD9B03E}.Debug|Any CPU.Build.0 = Debug|Any CPU
		{8AB644E7-5FF0-4AFD-A79B-F878AFD9B03E}.Release|Any CPU.ActiveCfg = Release|Any CPU
		{8AB644E7-5FF0-4AFD-A79B-F878AFD9B03E}.Release|Any CPU.Build.0 = Release|Any CPU
	EndGlobalSection
	GlobalSection(SolutionProperties) = preSolution
		HideSolutionNode = FALSE
	EndGlobalSection
	GlobalSection(ExtensibilityGlobals) = postSolution
		SolutionGuid = {33EEA61D-99CE-4F91-83ED-5EFECAC1CF78}
	EndGlobalSection
EndGlobal
