
Microsoft Visual Studio Solution File, Format Version 12.00
# Visual Studio Version 16
VisualStudioVersion = 16.0.31702.278
MinimumVisualStudioVersion = 10.0.40219.1
Project("{FAE04EC0-301F-11D3-BF4B-00C04F79EFBC}") = "Relacion1_Funcion9", "Relacion1_Funcion9\Relacion1_Funcion9.csproj", "{428639CC-3B2C-4CCA-AB95-14F41CBDF933}"
EndProject
Global
	GlobalSection(SolutionConfigurationPlatforms) = preSolution
		Debug|Any CPU = Debug|Any CPU
		Release|Any CPU = Release|Any CPU
	EndGlobalSection
	GlobalSection(ProjectConfigurationPlatforms) = postSolution
		{428639CC-3B2C-4CCA-AB95-14F41CBDF933}.Debug|Any CPU.ActiveCfg = Debug|Any CPU
		{428639CC-3B2C-4CCA-AB95-14F41CBDF933}.Debug|Any CPU.Build.0 = Debug|Any CPU
		{428639CC-3B2C-4CCA-AB95-14F41CBDF933}.Release|Any CPU.ActiveCfg = Release|Any CPU
		{428639CC-3B2C-4CCA-AB95-14F41CBDF933}.Release|Any CPU.Build.0 = Release|Any CPU
	EndGlobalSection
	GlobalSection(SolutionProperties) = preSolution
		HideSolutionNode = FALSE
	EndGlobalSection
	GlobalSection(ExtensibilityGlobals) = postSolution
		SolutionGuid = {74C9F46E-4F49-4160-A577-749E677DB7EE}
	EndGlobalSection
EndGlobal
