
Microsoft Visual Studio Solution File, Format Version 12.00
# Visual Studio Version 16
VisualStudioVersion = 16.0.31702.278
MinimumVisualStudioVersion = 10.0.40219.1
Project("{FAE04EC0-301F-11D3-BF4B-00C04F79EFBC}") = "Adicionales_Ejercicio16", "Adicionales_Ejercicio16\Adicionales_Ejercicio16.csproj", "{953B1778-3E85-49BB-98FB-3B362ADB241F}"
EndProject
Global
	GlobalSection(SolutionConfigurationPlatforms) = preSolution
		Debug|Any CPU = Debug|Any CPU
		Release|Any CPU = Release|Any CPU
	EndGlobalSection
	GlobalSection(ProjectConfigurationPlatforms) = postSolution
		{953B1778-3E85-49BB-98FB-3B362ADB241F}.Debug|Any CPU.ActiveCfg = Debug|Any CPU
		{953B1778-3E85-49BB-98FB-3B362ADB241F}.Debug|Any CPU.Build.0 = Debug|Any CPU
		{953B1778-3E85-49BB-98FB-3B362ADB241F}.Release|Any CPU.ActiveCfg = Release|Any CPU
		{953B1778-3E85-49BB-98FB-3B362ADB241F}.Release|Any CPU.Build.0 = Release|Any CPU
	EndGlobalSection
	GlobalSection(SolutionProperties) = preSolution
		HideSolutionNode = FALSE
	EndGlobalSection
	GlobalSection(ExtensibilityGlobals) = postSolution
		SolutionGuid = {993E5A02-1DD8-47E2-B8FC-AC5EB3876E68}
	EndGlobalSection
EndGlobal
