
Microsoft Visual Studio Solution File, Format Version 12.00
# Visual Studio Version 16
VisualStudioVersion = 16.0.31702.278
MinimumVisualStudioVersion = 10.0.40219.1
Project("{FAE04EC0-301F-11D3-BF4B-00C04F79EFBC}") = "Adicional_Ejercicio6", "Adicional_Ejercicio6\Adicional_Ejercicio6.csproj", "{3CBD3E21-240F-42CB-BAB1-2EE50A80223D}"
EndProject
Global
	GlobalSection(SolutionConfigurationPlatforms) = preSolution
		Debug|Any CPU = Debug|Any CPU
		Release|Any CPU = Release|Any CPU
	EndGlobalSection
	GlobalSection(ProjectConfigurationPlatforms) = postSolution
		{3CBD3E21-240F-42CB-BAB1-2EE50A80223D}.Debug|Any CPU.ActiveCfg = Debug|Any CPU
		{3CBD3E21-240F-42CB-BAB1-2EE50A80223D}.Debug|Any CPU.Build.0 = Debug|Any CPU
		{3CBD3E21-240F-42CB-BAB1-2EE50A80223D}.Release|Any CPU.ActiveCfg = Release|Any CPU
		{3CBD3E21-240F-42CB-BAB1-2EE50A80223D}.Release|Any CPU.Build.0 = Release|Any CPU
	EndGlobalSection
	GlobalSection(SolutionProperties) = preSolution
		HideSolutionNode = FALSE
	EndGlobalSection
	GlobalSection(ExtensibilityGlobals) = postSolution
		SolutionGuid = {00EBCF36-288D-446C-983C-EE932F209E7D}
	EndGlobalSection
EndGlobal
